<?xml version="1.0" encoding="utf-8"?>
<Project ToolsVersion="4.0" xmlns="http://schemas.microsoft.com/developer/msbuild/2003">
  <ItemGroup>
    <Filter Include="Source Files">
      <UniqueIdentifier>{4FC737F1-C7A5-4376-A066-2A32D752A2FF}</UniqueIdentifier>
      <Extensions>cpp;c;cc;cxx;def;odl;idl;hpj;bat;asm;asmx</Extensions>
    </Filter>
    <Filter Include="Header Files">
      <UniqueIdentifier>{93995380-89BD-4b04-88EB-625FBE52EBFB}</UniqueIdentifier>
      <Extensions>h;hh;hpp;hxx;hm;inl;inc;xsd</Extensions>
    </Filter>
    <Filter Include="Resource Files">
      <UniqueIdentifier>{67DA6AB6-F800-4c08-8B7A-83BB121AAD01}</UniqueIdentifier>
      <Extensions>rc;ico;cur;bmp;dlg;rc2;rct;bin;rgs;gif;jpg;jpeg;jpe;resx;tiff;tif;png;wav;mfcribbon-ms</Extensions>
    </Filter>
  </ItemGroup>
  <ItemGroup>
    <ClCompile Include="commastr.cpp">
      <Filter>Source Files</Filter>
    </ClCompile>
    <ClCompile Include="common.cpp">
      <Filter>Source Files</Filter>
    </ClCompile>
    <ClCompile Include="display.cpp">
      <Filter>Source Files</Filter>
    </ClCompile>
    <ClCompile Include="err.cpp">
      <Filter>Source Files</Filter>
    </ClCompile>
    <ClCompile Include="filecopy.cpp">
      <Filter>Source Files</Filter>
    </ClCompile>
    <ClCompile Include="filecopyasync.cpp">
      <Filter>Source Files</Filter>
    </ClCompile>
    <ClCompile Include="filter.cpp">
      <Filter>Source Files</Filter>
    </ClCompile>
    <ClCompile Include="match.cpp">
      <Filter>Source Files</Filter>
    </ClCompile>
    <ClCompile Include="mtsupp.cpp">
      <Filter>Source Files</Filter>
    </ClCompile>
    <ClCompile Include="netcommon.cpp">
      <Filter>Source Files</Filter>
    </ClCompile>
    <ClCompile Include="netditto.cpp">
      <Filter>Source Files</Filter>
    </ClCompile>
    <ClCompile Include="parm.cpp">
      <Filter>Source Files</Filter>
    </ClCompile>
    <ClCompile Include="perms.cpp">
      <Filter>Source Files</Filter>
    </ClCompile>
    <ClCompile Include="process.cpp">
      <Filter>Source Files</Filter>
    </ClCompile>
    <ClCompile Include="security.cpp">
      <Filter>Source Files</Filter>
    </ClCompile>
    <ClCompile Include="textint.cpp">
      <Filter>Source Files</Filter>
    </ClCompile>
    <ClCompile Include="TList.cpp">
      <Filter>Source Files</Filter>
    </ClCompile>
    <ClCompile Include="tsync.cpp">
      <Filter>Source Files</Filter>
    </ClCompile>
    <ClCompile Include="unsecure.cpp">
      <Filter>Source Files</Filter>
    </ClCompile>
    <ClCompile Include="ustring.cpp">
      <Filter>Source Files</Filter>
    </ClCompile>
    <ClCompile Include="viosupp.cpp">
      <Filter>Source Files</Filter>
    </ClCompile>
    <ClCompile Include="wildmatch.cpp">
      <Filter>Source Files</Filter>
    </ClCompile>
    <ClCompile Include="DirList.cpp">
      <Filter>Source Files</Filter>
    </ClCompile>
  </ItemGroup>
  <ItemGroup>
    <ClInclude Include="common.hpp">
      <Filter>Header Files</Filter>
    </ClInclude>
    <ClInclude Include="err.hpp">
      <Filter>Header Files</Filter>
    </ClInclude>
    <ClInclude Include="netcommon.hpp">
      <Filter>Header Files</Filter>
    </ClInclude>
    <ClInclude Include="netditto.hpp">
      <Filter>Header Files</Filter>
    </ClInclude>
    <ClInclude Include="security.hpp">
      <Filter>Header Files</Filter>
    </ClInclude>
    <ClInclude Include="tsync.hpp">
      <Filter>Header Files</Filter>
    </ClInclude>
    <ClInclude Include="ustring.hpp">
      <Filter>Header Files</Filter>
    </ClInclude>
    <ClInclude Include="viosupp.hpp">
      <Filter>Header Files</Filter>
    </ClInclude>
    <ClInclude Include="wildmatch.hpp">
      <Filter>Header Files</Filter>
    </ClInclude>
    <ClInclude Include="TList.h">
      <Filter>Header Files</Filter>
    </ClInclude>
    <ClInclude Include="DirList.h">
      <Filter>Header Files</Filter>
    </ClInclude>
  </ItemGroup>
</Project>